// !$*UTF8*$!
{
	archiveVersion = 1;
	classes = {
	};
	objectVersion = 50;
	objects = {

/* Begin PBXBuildFile section */
		CD51834C258AB63A001E7689 /* AppDelegate.swift in Sources */ = {isa = PBXBuildFile; fileRef = CD51834B258AB63A001E7689 /* AppDelegate.swift */; };
		CD51834E258AB63A001E7689 /* SceneDelegate.swift in Sources */ = {isa = PBXBuildFile; fileRef = CD51834D258AB63A001E7689 /* SceneDelegate.swift */; };
		CD518350258AB63A001E7689 /* ViewController.swift in Sources */ = {isa = PBXBuildFile; fileRef = CD51834F258AB63A001E7689 /* ViewController.swift */; };
		CD518353258AB63A001E7689 /* Main.storyboard in Resources */ = {isa = PBXBuildFile; fileRef = CD518351258AB63A001E7689 /* Main.storyboard */; };
		CD518355258AB63B001E7689 /* Assets.xcassets in Resources */ = {isa = PBXBuildFile; fileRef = CD518354258AB63B001E7689 /* Assets.xcassets */; };
		CD518358258AB63B001E7689 /* LaunchScreen.storyboard in Resources */ = {isa = PBXBuildFile; fileRef = CD518356258AB63B001E7689 /* LaunchScreen.storyboard */; };
		CD518363258AB63B001E7689 /* eva_appTests.swift in Sources */ = {isa = PBXBuildFile; fileRef = CD518362258AB63B001E7689 /* eva_appTests.swift */; };
		CD51836E258AB63B001E7689 /* eva_appUITests.swift in Sources */ = {isa = PBXBuildFile; fileRef = CD51836D258AB63B001E7689 /* eva_appUITests.swift */; };
		CD51837F258AB758001E7689 /* ViewController2.swift in Sources */ = {isa = PBXBuildFile; fileRef = CD51837E258AB758001E7689 /* ViewController2.swift */; };
		CD518384258AB7AB001E7689 /* ViewController1.swift in Sources */ = {isa = PBXBuildFile; fileRef = CD518383258AB7AB001E7689 /* ViewController1.swift */; };
		CD518389258AB986001E7689 /* RECURSOS in Resources */ = {isa = PBXBuildFile; fileRef = CD518388258AB986001E7689 /* RECURSOS */; };
		CD51838E258AC174001E7689 /* ViewControllerTallas.swift in Sources */ = {isa = PBXBuildFile; fileRef = CD51838D258AC174001E7689 /* ViewControllerTallas.swift */; };
		CD518393258BA37C001E7689 /* contac.swift in Sources */ = {isa = PBXBuildFile; fileRef = CD518392258BA37C001E7689 /* contac.swift */; };
		CD518398258BA54F001E7689 /* ViewController6.swift in Sources */ = {isa = PBXBuildFile; fileRef = CD518397258BA54F001E7689 /* ViewController6.swift */; };
		CD54FAD125951D8A00DB925A /* ViewControllerMap.swift in Sources */ = {isa = PBXBuildFile; fileRef = CD54FAD025951D8A00DB925A /* ViewControllerMap.swift */; };
		CD54FAE525977A6500DB925A /* PublicArt.geojson in Resources */ = {isa = PBXBuildFile; fileRef = CD54FAE425977A6500DB925A /* PublicArt.geojson */; };
		CD54FAEA25977BC300DB925A /* Artwork.swift in Sources */ = {isa = PBXBuildFile; fileRef = CD54FAE925977BC300DB925A /* Artwork.swift */; };
		CD54FAF22597896B00DB925A /* data.json in Resources */ = {isa = PBXBuildFile; fileRef = CD54FAF12597896B00DB925A /* data.json */; };
		CD54FAF725978A7C00DB925A /* ViewControllerServices.swift in Sources */ = {isa = PBXBuildFile; fileRef = CD54FAF625978A7C00DB925A /* ViewControllerServices.swift */; };
		CD54FB072597965D00DB925A /* ViewControllerInfo.swift in Sources */ = {isa = PBXBuildFile; fileRef = CD54FB062597965D00DB925A /* ViewControllerInfo.swift */; };
/* End PBXBuildFile section */

/* Begin PBXContainerItemProxy section */
		CD51835F258AB63B001E7689 /* PBXContainerItemProxy */ = {
			isa = PBXContainerItemProxy;
			containerPortal = CD518340258AB63A001E7689 /* Project object */;
			proxyType = 1;
			remoteGlobalIDString = CD518347258AB63A001E7689;
			remoteInfo = eva_app;
		};
		CD51836A258AB63B001E7689 /* PBXContainerItemProxy */ = {
			isa = PBXContainerItemProxy;
			containerPortal = CD518340258AB63A001E7689 /* Project object */;
			proxyType = 1;
			remoteGlobalIDString = CD518347258AB63A001E7689;
			remoteInfo = eva_app;
		};
/* End PBXContainerItemProxy section */

/* Begin PBXFileReference section */
		CD518348258AB63A001E7689 /* eva_app.app */ = {isa = PBXFileReference; explicitFileType = wrapper.application; includeInIndex = 0; path = eva_app.app; sourceTree = BUILT_PRODUCTS_DIR; };
		CD51834B258AB63A001E7689 /* AppDelegate.swift */ = {isa = PBXFileReference; lastKnownFileType = sourcecode.swift; path = AppDelegate.swift; sourceTree = "<group>"; };
		CD51834D258AB63A001E7689 /* SceneDelegate.swift */ = {isa = PBXFileReference; lastKnownFileType = sourcecode.swift; path = SceneDelegate.swift; sourceTree = "<group>"; };
		CD51834F258AB63A001E7689 /* ViewController.swift */ = {isa = PBXFileReference; lastKnownFileType = sourcecode.swift; path = ViewController.swift; sourceTree = "<group>"; };
		CD518352258AB63A001E7689 /* Base */ = {isa = PBXFileReference; lastKnownFileType = file.storyboard; name = Base; path = Base.lproj/Main.storyboard; sourceTree = "<group>"; };
		CD518354258AB63B001E7689 /* Assets.xcassets */ = {isa = PBXFileReference; lastKnownFileType = folder.assetcatalog; path = Assets.xcassets; sourceTree = "<group>"; };
		CD518357258AB63B001E7689 /* Base */ = {isa = PBXFileReference; lastKnownFileType = file.storyboard; name = Base; path = Base.lproj/LaunchScreen.storyboard; sourceTree = "<group>"; };
		CD518359258AB63B001E7689 /* Info.plist */ = {isa = PBXFileReference; lastKnownFileType = text.plist.xml; path = Info.plist; sourceTree = "<group>"; };
		CD51835E258AB63B001E7689 /* eva_appTests.xctest */ = {isa = PBXFileReference; explicitFileType = wrapper.cfbundle; includeInIndex = 0; path = eva_appTests.xctest; sourceTree = BUILT_PRODUCTS_DIR; };
		CD518362258AB63B001E7689 /* eva_appTests.swift */ = {isa = PBXFileReference; lastKnownFileType = sourcecode.swift; path = eva_appTests.swift; sourceTree = "<group>"; };
		CD518364258AB63B001E7689 /* Info.plist */ = {isa = PBXFileReference; lastKnownFileType = text.plist.xml; path = Info.plist; sourceTree = "<group>"; };
		CD518369258AB63B001E7689 /* eva_appUITests.xctest */ = {isa = PBXFileReference; explicitFileType = wrapper.cfbundle; includeInIndex = 0; path = eva_appUITests.xctest; sourceTree = BUILT_PRODUCTS_DIR; };
		CD51836D258AB63B001E7689 /* eva_appUITests.swift */ = {isa = PBXFileReference; lastKnownFileType = sourcecode.swift; path = eva_appUITests.swift; sourceTree = "<group>"; };
		CD51836F258AB63B001E7689 /* Info.plist */ = {isa = PBXFileReference; lastKnownFileType = text.plist.xml; path = Info.plist; sourceTree = "<group>"; };
		CD51837E258AB758001E7689 /* ViewController2.swift */ = {isa = PBXFileReference; lastKnownFileType = sourcecode.swift; path = ViewController2.swift; sourceTree = "<group>"; };
		CD518383258AB7AB001E7689 /* ViewController1.swift */ = {isa = PBXFileReference; lastKnownFileType = sourcecode.swift; path = ViewController1.swift; sourceTree = "<group>"; };
		CD518388258AB986001E7689 /* RECURSOS */ = {isa = PBXFileReference; lastKnownFileType = folder; path = RECURSOS; sourceTree = "<group>"; };
		CD51838D258AC174001E7689 /* ViewControllerTallas.swift */ = {isa = PBXFileReference; lastKnownFileType = sourcecode.swift; path = ViewControllerTallas.swift; sourceTree = "<group>"; };
		CD518392258BA37C001E7689 /* contac.swift */ = {isa = PBXFileReference; lastKnownFileType = sourcecode.swift; path = contac.swift; sourceTree = "<group>"; };
		CD518397258BA54F001E7689 /* ViewController6.swift */ = {isa = PBXFileReference; lastKnownFileType = sourcecode.swift; path = ViewController6.swift; sourceTree = "<group>"; };
		CD54FAD025951D8A00DB925A /* ViewControllerMap.swift */ = {isa = PBXFileReference; lastKnownFileType = sourcecode.swift; path = ViewControllerMap.swift; sourceTree = "<group>"; };
		CD54FAE425977A6500DB925A /* PublicArt.geojson */ = {isa = PBXFileReference; fileEncoding = 4; lastKnownFileType = text; path = PublicArt.geojson; sourceTree = "<group>"; };
		CD54FAE925977BC300DB925A /* Artwork.swift */ = {isa = PBXFileReference; lastKnownFileType = sourcecode.swift; path = Artwork.swift; sourceTree = "<group>"; };
		CD54FAF12597896B00DB925A /* data.json */ = {isa = PBXFileReference; lastKnownFileType = text.json; path = data.json; sourceTree = "<group>"; };
		CD54FAF625978A7C00DB925A /* ViewControllerServices.swift */ = {isa = PBXFileReference; lastKnownFileType = sourcecode.swift; path = ViewControllerServices.swift; sourceTree = "<group>"; };
		CD54FB062597965D00DB925A /* ViewControllerInfo.swift */ = {isa = PBXFileReference; lastKnownFileType = sourcecode.swift; path = ViewControllerInfo.swift; sourceTree = "<group>"; };
/* End PBXFileReference section */

/* Begin PBXFrameworksBuildPhase section */
		CD518345258AB63A001E7689 /* Frameworks */ = {
			isa = PBXFrameworksBuildPhase;
			buildActionMask = 2147483647;
			files = (
			);
			runOnlyForDeploymentPostprocessing = 0;
		};
		CD51835B258AB63B001E7689 /* Frameworks */ = {
			isa = PBXFrameworksBuildPhase;
			buildActionMask = 2147483647;
			files = (
			);
			runOnlyForDeploymentPostprocessing = 0;
		};
		CD518366258AB63B001E7689 /* Frameworks */ = {
			isa = PBXFrameworksBuildPhase;
			buildActionMask = 2147483647;
			files = (
			);
			runOnlyForDeploymentPostprocessing = 0;
		};
/* End PBXFrameworksBuildPhase section */

/* Begin PBXGroup section */
		CD51833F258AB63A001E7689 = {
			isa = PBXGroup;
			children = (
				CD51834A258AB63A001E7689 /* eva_app */,
				CD518361258AB63B001E7689 /* eva_appTests */,
				CD51836C258AB63B001E7689 /* eva_appUITests */,
				CD518349258AB63A001E7689 /* Products */,
			);
			sourceTree = "<group>";
		};
		CD518349258AB63A001E7689 /* Products */ = {
			isa = PBXGroup;
			children = (
				CD518348258AB63A001E7689 /* eva_app.app */,
				CD51835E258AB63B001E7689 /* eva_appTests.xctest */,
				CD518369258AB63B001E7689 /* eva_appUITests.xctest */,
			);
			name = Products;
			sourceTree = "<group>";
		};
		CD51834A258AB63A001E7689 /* eva_app */ = {
			isa = PBXGroup;
			children = (
				CD518388258AB986001E7689 /* RECURSOS */,
				CD51834B258AB63A001E7689 /* AppDelegate.swift */,
				CD51834D258AB63A001E7689 /* SceneDelegate.swift */,
				CD51834F258AB63A001E7689 /* ViewController.swift */,
				CD518351258AB63A001E7689 /* Main.storyboard */,
				CD518354258AB63B001E7689 /* Assets.xcassets */,
				CD518356258AB63B001E7689 /* LaunchScreen.storyboard */,
				CD518359258AB63B001E7689 /* Info.plist */,
				CD51837E258AB758001E7689 /* ViewController2.swift */,
				CD518383258AB7AB001E7689 /* ViewController1.swift */,
				CD51838D258AC174001E7689 /* ViewControllerTallas.swift */,
				CD518392258BA37C001E7689 /* contac.swift */,
				CD518397258BA54F001E7689 /* ViewController6.swift */,
				CD54FAD025951D8A00DB925A /* ViewControllerMap.swift */,
				CD54FAE925977BC300DB925A /* Artwork.swift */,
				CD54FAE425977A6500DB925A /* PublicArt.geojson */,
				CD54FAF12597896B00DB925A /* data.json */,
				CD54FAF625978A7C00DB925A /* ViewControllerServices.swift */,
				CD54FB062597965D00DB925A /* ViewControllerInfo.swift */,
			);
			path = eva_app;
			sourceTree = "<group>";
		};
		CD518361258AB63B001E7689 /* eva_appTests */ = {
			isa = PBXGroup;
			children = (
				CD518362258AB63B001E7689 /* eva_appTests.swift */,
				CD518364258AB63B001E7689 /* Info.plist */,
			);
			path = eva_appTests;
			sourceTree = "<group>";
		};
		CD51836C258AB63B001E7689 /* eva_appUITests */ = {
			isa = PBXGroup;
			children = (
				CD51836D258AB63B001E7689 /* eva_appUITests.swift */,
				CD51836F258AB63B001E7689 /* Info.plist */,
			);
			path = eva_appUITests;
			sourceTree = "<group>";
		};
/* End PBXGroup section */

/* Begin PBXNativeTarget section */
		CD518347258AB63A001E7689 /* eva_app */ = {
			isa = PBXNativeTarget;
			buildConfigurationList = CD518372258AB63B001E7689 /* Build configuration list for PBXNativeTarget "eva_app" */;
			buildPhases = (
				CD518344258AB63A001E7689 /* Sources */,
				CD518345258AB63A001E7689 /* Frameworks */,
				CD518346258AB63A001E7689 /* Resources */,
			);
			buildRules = (
			);
			dependencies = (
			);
			name = eva_app;
			productName = eva_app;
			productReference = CD518348258AB63A001E7689 /* eva_app.app */;
			productType = "com.apple.product-type.application";
		};
		CD51835D258AB63B001E7689 /* eva_appTests */ = {
			isa = PBXNativeTarget;
			buildConfigurationList = CD518375258AB63B001E7689 /* Build configuration list for PBXNativeTarget "eva_appTests" */;
			buildPhases = (
				CD51835A258AB63B001E7689 /* Sources */,
				CD51835B258AB63B001E7689 /* Frameworks */,
				CD51835C258AB63B001E7689 /* Resources */,
			);
			buildRules = (
			);
			dependencies = (
				CD518360258AB63B001E7689 /* PBXTargetDependency */,
			);
			name = eva_appTests;
			productName = eva_appTests;
			productReference = CD51835E258AB63B001E7689 /* eva_appTests.xctest */;
			productType = "com.apple.product-type.bundle.unit-test";
		};
		CD518368258AB63B001E7689 /* eva_appUITests */ = {
			isa = PBXNativeTarget;
			buildConfigurationList = CD518378258AB63B001E7689 /* Build configuration list for PBXNativeTarget "eva_appUITests" */;
			buildPhases = (
				CD518365258AB63B001E7689 /* Sources */,
				CD518366258AB63B001E7689 /* Frameworks */,
				CD518367258AB63B001E7689 /* Resources */,
			);
			buildRules = (
			);
			dependencies = (
				CD51836B258AB63B001E7689 /* PBXTargetDependency */,
			);
			name = eva_appUITests;
			productName = eva_appUITests;
			productReference = CD518369258AB63B001E7689 /* eva_appUITests.xctest */;
			productType = "com.apple.product-type.bundle.ui-testing";
		};
/* End PBXNativeTarget section */

/* Begin PBXProject section */
		CD518340258AB63A001E7689 /* Project object */ = {
			isa = PBXProject;
			attributes = {
				LastSwiftUpdateCheck = 1230;
				LastUpgradeCheck = 1230;
				TargetAttributes = {
					CD518347258AB63A001E7689 = {
						CreatedOnToolsVersion = 12.3;
					};
					CD51835D258AB63B001E7689 = {
						CreatedOnToolsVersion = 12.3;
						TestTargetID = CD518347258AB63A001E7689;
					};
					CD518368258AB63B001E7689 = {
						CreatedOnToolsVersion = 12.3;
						TestTargetID = CD518347258AB63A001E7689;
					};
				};
			};
			buildConfigurationList = CD518343258AB63A001E7689 /* Build configuration list for PBXProject "eva_app" */;
			compatibilityVersion = "Xcode 9.3";
			developmentRegion = en;
			hasScannedForEncodings = 0;
			knownRegions = (
				en,
				Base,
			);
			mainGroup = CD51833F258AB63A001E7689;
			productRefGroup = CD518349258AB63A001E7689 /* Products */;
			projectDirPath = "";
			projectRoot = "";
			targets = (
				CD518347258AB63A001E7689 /* eva_app */,
				CD51835D258AB63B001E7689 /* eva_appTests */,
				CD518368258AB63B001E7689 /* eva_appUITests */,
			);
		};
/* End PBXProject section */

/* Begin PBXResourcesBuildPhase section */
		CD518346258AB63A001E7689 /* Resources */ = {
			isa = PBXResourcesBuildPhase;
			buildActionMask = 2147483647;
			files = (
				CD518358258AB63B001E7689 /* LaunchScreen.storyboard in Resources */,
				CD54FAF22597896B00DB925A /* data.json in Resources */,
				CD518355258AB63B001E7689 /* Assets.xcassets in Resources */,
				CD518389258AB986001E7689 /* RECURSOS in Resources */,
				CD518353258AB63A001E7689 /* Main.storyboard in Resources */,
				CD54FAE525977A6500DB925A /* PublicArt.geojson in Resources */,
			);
			runOnlyForDeploymentPostprocessing = 0;
		};
		CD51835C258AB63B001E7689 /* Resources */ = {
			isa = PBXResourcesBuildPhase;
			buildActionMask = 2147483647;
			files = (
			);
			runOnlyForDeploymentPostprocessing = 0;
		};
		CD518367258AB63B001E7689 /* Resources */ = {
			isa = PBXResourcesBuildPhase;
			buildActionMask = 2147483647;
			files = (
			);
			runOnlyForDeploymentPostprocessing = 0;
		};
/* End PBXResourcesBuildPhase section */

/* Begin PBXSourcesBuildPhase section */
		CD518344258AB63A001E7689 /* Sources */ = {
			isa = PBXSourcesBuildPhase;
			buildActionMask = 2147483647;
			files = (
				CD54FAEA25977BC300DB925A /* Artwork.swift in Sources */,
				CD518350258AB63A001E7689 /* ViewController.swift in Sources */,
				CD51838E258AC174001E7689 /* ViewControllerTallas.swift in Sources */,
				CD54FAD125951D8A00DB925A /* ViewControllerMap.swift in Sources */,
				CD518384258AB7AB001E7689 /* ViewController1.swift in Sources */,
				CD54FAF725978A7C00DB925A /* ViewControllerServices.swift in Sources */,
				CD518393258BA37C001E7689 /* contac.swift in Sources */,
				CD51837F258AB758001E7689 /* ViewController2.swift in Sources */,
				CD518398258BA54F001E7689 /* ViewController6.swift in Sources */,
				CD51834C258AB63A001E7689 /* AppDelegate.swift in Sources */,
				CD54FB072597965D00DB925A /* ViewControllerInfo.swift in Sources */,
				CD51834E258AB63A001E7689 /* SceneDelegate.swift in Sources */,
			);
			runOnlyForDeploymentPostprocessing = 0;
		};
		CD51835A258AB63B001E7689 /* Sources */ = {
			isa = PBXSourcesBuildPhase;
			buildActionMask = 2147483647;
			files = (
				CD518363258AB63B001E7689 /* eva_appTests.swift in Sources */,
			);
			runOnlyForDeploymentPostprocessing = 0;
		};
		CD518365258AB63B001E7689 /* Sources */ = {
			isa = PBXSourcesBuildPhase;
			buildActionMask = 2147483647;
			files = (
				CD51836E258AB63B001E7689 /* eva_appUITests.swift in Sources */,
			);
			runOnlyForDeploymentPostprocessing = 0;
		};
/* End PBXSourcesBuildPhase section */

/* Begin PBXTargetDependency section */
		CD518360258AB63B001E7689 /* PBXTargetDependency */ = {
			isa = PBXTargetDependency;
			target = CD518347258AB63A001E7689 /* eva_app */;
			targetProxy = CD51835F258AB63B001E7689 /* PBXContainerItemProxy */;
		};
		CD51836B258AB63B001E7689 /* PBXTargetDependency */ = {
			isa = PBXTargetDependency;
			target = CD518347258AB63A001E7689 /* eva_app */;
			targetProxy = CD51836A258AB63B001E7689 /* PBXContainerItemProxy */;
		};
/* End PBXTargetDependency section */

/* Begin PBXVariantGroup section */
		CD518351258AB63A001E7689 /* Main.storyboard */ = {
			isa = PBXVariantGroup;
			children = (
				CD518352258AB63A001E7689 /* Base */,
			);
			name = Main.storyboard;
			sourceTree = "<group>";
		};
		CD518356258AB63B001E7689 /* LaunchScreen.storyboard */ = {
			isa = PBXVariantGroup;
			children = (
				CD518357258AB63B001E7689 /* Base */,
			);
			name = LaunchScreen.storyboard;
			sourceTree = "<group>";
		};
/* End PBXVariantGroup section */

/* Begin XCBuildConfiguration section */
		CD518370258AB63B001E7689 /* Debug */ = {
			isa = XCBuildConfiguration;
			buildSettings = {
				ALWAYS_SEARCH_USER_PATHS = NO;
				CLANG_ANALYZER_NONNULL = YES;
				CLANG_ANALYZER_NUMBER_OBJECT_CONVERSION = YES_AGGRESSIVE;
				CLANG_CXX_LANGUAGE_STANDARD = "gnu++14";
				CLANG_CXX_LIBRARY = "libc++";
				CLANG_ENABLE_MODULES = YES;
				CLANG_ENABLE_OBJC_ARC = YES;
				CLANG_ENABLE_OBJC_WEAK = YES;
				CLANG_WARN_BLOCK_CAPTURE_AUTORELEASING = YES;
				CLANG_WARN_BOOL_CONVERSION = YES;
				CLANG_WARN_COMMA = YES;
				CLANG_WARN_CONSTANT_CONVERSION = YES;
				CLANG_WARN_DEPRECATED_OBJC_IMPLEMENTATIONS = YES;
				CLANG_WARN_DIRECT_OBJC_ISA_USAGE = YES_ERROR;
				CLANG_WARN_DOCUMENTATION_COMMENTS = YES;
				CLANG_WARN_EMPTY_BODY = YES;
				CLANG_WARN_ENUM_CONVERSION = YES;
				CLANG_WARN_INFINITE_RECURSION = YES;
				CLANG_WARN_INT_CONVERSION = YES;
				CLANG_WARN_NON_LITERAL_NULL_CONVERSION = YES;
				CLANG_WARN_OBJC_IMPLICIT_RETAIN_SELF = YES;
				CLANG_WARN_OBJC_LITERAL_CONVERSION = YES;
				CLANG_WARN_OBJC_ROOT_CLASS = YES_ERROR;
				CLANG_WARN_QUOTED_INCLUDE_IN_FRAMEWORK_HEADER = YES;
				CLANG_WARN_RANGE_LOOP_ANALYSIS = YES;
				CLANG_WARN_STRICT_PROTOTYPES = YES;
				CLANG_WARN_SUSPICIOUS_MOVE = YES;
				CLANG_WARN_UNGUARDED_AVAILABILITY = YES_AGGRESSIVE;
				CLANG_WARN_UNREACHABLE_CODE = YES;
				CLANG_WARN__DUPLICATE_METHOD_MATCH = YES;
				COPY_PHASE_STRIP = NO;
				DEBUG_INFORMATION_FORMAT = dwarf;
				ENABLE_STRICT_OBJC_MSGSEND = YES;
				ENABLE_TESTABILITY = YES;
				GCC_C_LANGUAGE_STANDARD = gnu11;
				GCC_DYNAMIC_NO_PIC = NO;
				GCC_NO_COMMON_BLOCKS = YES;
				GCC_OPTIMIZATION_LEVEL = 0;
				GCC_PREPROCESSOR_DEFINITIONS = (
					"DEBUG=1",
					"$(inherited)",
				);
				GCC_WARN_64_TO_32_BIT_CONVERSION = YES;
				GCC_WARN_ABOUT_RETURN_TYPE = YES_ERROR;
				GCC_WARN_UNDECLARED_SELECTOR = YES;
				GCC_WARN_UNINITIALIZED_AUTOS = YES_AGGRESSIVE;
				GCC_WARN_UNUSED_FUNCTION = YES;
				GCC_WARN_UNUSED_VARIABLE = YES;
				IPHONEOS_DEPLOYMENT_TARGET = 14.3;
				MTL_ENABLE_DEBUG_INFO = INCLUDE_SOURCE;
				MTL_FAST_MATH = YES;
				ONLY_ACTIVE_ARCH = YES;
				SDKROOT = iphoneos;
				SWIFT_ACTIVE_COMPILATION_CONDITIONS = DEBUG;
				SWIFT_OPTIMIZATION_LEVEL = "-Onone";
			};
			name = Debug;
		};
		CD518371258AB63B001E7689 /* Release */ = {
			isa = XCBuildConfiguration;
			buildSettings = {
				ALWAYS_SEARCH_USER_PATHS = NO;
				CLANG_ANALYZER_NONNULL = YES;
				CLANG_ANALYZER_NUMBER_OBJECT_CONVERSION = YES_AGGRESSIVE;
				CLANG_CXX_LANGUAGE_STANDARD = "gnu++14";
				CLANG_CXX_LIBRARY = "libc++";
				CLANG_ENABLE_MODULES = YES;
				CLANG_ENABLE_OBJC_ARC = YES;
				CLANG_ENABLE_OBJC_WEAK = YES;
				CLANG_WARN_BLOCK_CAPTURE_AUTORELEASING = YES;
				CLANG_WARN_BOOL_CONVERSION = YES;
				CLANG_WARN_COMMA = YES;
				CLANG_WARN_CONSTANT_CONVERSION = YES;
				CLANG_WARN_DEPRECATED_OBJC_IMPLEMENTATIONS = YES;
				CLANG_WARN_DIRECT_OBJC_ISA_USAGE = YES_ERROR;
				CLANG_WARN_DOCUMENTATION_COMMENTS = YES;
				CLANG_WARN_EMPTY_BODY = YES;
				CLANG_WARN_ENUM_CONVERSION = YES;
				CLANG_WARN_INFINITE_RECURSION = YES;
				CLANG_WARN_INT_CONVERSION = YES;
				CLANG_WARN_NON_LITERAL_NULL_CONVERSION = YES;
				CLANG_WARN_OBJC_IMPLICIT_RETAIN_SELF = YES;
				CLANG_WARN_OBJC_LITERAL_CONVERSION = YES;
				CLANG_WARN_OBJC_ROOT_CLASS = YES_ERROR;
				CLANG_WARN_QUOTED_INCLUDE_IN_FRAMEWORK_HEADER = YES;
				CLANG_WARN_RANGE_LOOP_ANALYSIS = YES;
				CLANG_WARN_STRICT_PROTOTYPES = YES;
				CLANG_WARN_SUSPICIOUS_MOVE = YES;
				CLANG_WARN_UNGUARDED_AVAILABILITY = YES_AGGRESSIVE;
				CLANG_WARN_UNREACHABLE_CODE = YES;
				CLANG_WARN__DUPLICATE_METHOD_MATCH = YES;
				COPY_PHASE_STRIP = NO;
				DEBUG_INFORMATION_FORMAT = "dwarf-with-dsym";
				ENABLE_NS_ASSERTIONS = NO;
				ENABLE_STRICT_OBJC_MSGSEND = YES;
				GCC_C_LANGUAGE_STANDARD = gnu11;
				GCC_NO_COMMON_BLOCKS = YES;
				GCC_WARN_64_TO_32_BIT_CONVERSION = YES;
				GCC_WARN_ABOUT_RETURN_TYPE = YES_ERROR;
				GCC_WARN_UNDECLARED_SELECTOR = YES;
				GCC_WARN_UNINITIALIZED_AUTOS = YES_AGGRESSIVE;
				GCC_WARN_UNUSED_FUNCTION = YES;
				GCC_WARN_UNUSED_VARIABLE = YES;
				IPHONEOS_DEPLOYMENT_TARGET = 14.3;
				MTL_ENABLE_DEBUG_INFO = NO;
				MTL_FAST_MATH = YES;
				SDKROOT = iphoneos;
				SWIFT_COMPILATION_MODE = wholemodule;
				SWIFT_OPTIMIZATION_LEVEL = "-O";
				VALIDATE_PRODUCT = YES;
			};
			name = Release;
		};
		CD518373258AB63B001E7689 /* Debug */ = {
			isa = XCBuildConfiguration;
			buildSettings = {
				ASSETCATALOG_COMPILER_APPICON_NAME = AppIcon;
				ASSETCATALOG_COMPILER_GLOBAL_ACCENT_COLOR_NAME = AccentColor;
				CODE_SIGN_STYLE = Automatic;
				DEVELOPMENT_TEAM = 4CY3WS28WW;
				INFOPLIST_FILE = eva_app/Info.plist;
				LD_RUNPATH_SEARCH_PATHS = (
					"$(inherited)",
					"@executable_path/Frameworks",
				);
				PRODUCT_BUNDLE_IDENTIFIER = "usario1pnp-gmail.com.eva-app";
				PRODUCT_NAME = "$(TARGET_NAME)";
				SWIFT_VERSION = 5.0;
				TARGETED_DEVICE_FAMILY = "1,2";
			};
			name = Debug;
		};
		CD518374258AB63B001E7689 /* Release */ = {
			isa = XCBuildConfiguration;
			buildSettings = {
				ASSETCATALOG_COMPILER_APPICON_NAME = AppIcon;
				ASSETCATALOG_COMPILER_GLOBAL_ACCENT_COLOR_NAME = AccentColor;
				CODE_SIGN_STYLE = Automatic;
				DEVELOPMENT_TEAM = 4CY3WS28WW;
				INFOPLIST_FILE = eva_app/Info.plist;
				LD_RUNPATH_SEARCH_PATHS = (
					"$(inherited)",
					"@executable_path/Frameworks",
				);
				PRODUCT_BUNDLE_IDENTIFIER = "usario1pnp-gmail.com.eva-app";
				PRODUCT_NAME = "$(TARGET_NAME)";
				SWIFT_VERSION = 5.0;
				TARGETED_DEVICE_FAMILY = "1,2";
			};
			name = Release;
		};
		CD518376258AB63B001E7689 /* Debug */ = {
			isa = XCBuildConfiguration;
			buildSettings = {
				ALWAYS_EMBED_SWIFT_STANDARD_LIBRARIES = YES;
				BUNDLE_LOADER = "$(TEST_HOST)";
				CODE_SIGN_STYLE = Automatic;
				DEVELOPMENT_TEAM = 4CY3WS28WW;
				INFOPLIST_FILE = eva_appTests/Info.plist;
				IPHONEOS_DEPLOYMENT_TARGET = 14.3;
				LD_RUNPATH_SEARCH_PATHS = (
					"$(inherited)",
					"@executable_path/Frameworks",
					"@loader_path/Frameworks",
				);
				PRODUCT_BUNDLE_IDENTIFIER = "usario1pnp-gmail.com.eva-appTests";
				PRODUCT_NAME = "$(TARGET_NAME)";
				SWIFT_VERSION = 5.0;
				TARGETED_DEVICE_FAMILY = "1,2";
				TEST_HOST = "$(BUILT_PRODUCTS_DIR)/eva_app.app/eva_app";
			};
			name = Debug;
		};
		CD518377258AB63B001E7689 /* Release */ = {
			isa = XCBuildConfiguration;
			buildSettings = {
				ALWAYS_EMBED_SWIFT_STANDARD_LIBRARIES = YES;
				BUNDLE_LOADER = "$(TEST_HOST)";
				CODE_SIGN_STYLE = Automatic;
				DEVELOPMENT_TEAM = 4CY3WS28WW;
				INFOPLIST_FILE = eva_appTests/Info.plist;
				IPHONEOS_DEPLOYMENT_TARGET = 14.3;
				LD_RUNPATH_SEARCH_PATHS = (
					"$(inherited)",
					"@executable_path/Frameworks",
					"@loader_path/Frameworks",
				);
				PRODUCT_BUNDLE_IDENTIFIER = "usario1pnp-gmail.com.eva-appTests";
				PRODUCT_NAME = "$(TARGET_NAME)";
				SWIFT_VERSION = 5.0;
				TARGETED_DEVICE_FAMILY = "1,2";
				TEST_HOST = "$(BUILT_PRODUCTS_DIR)/eva_app.app/eva_app";
			};
			name = Release;
		};
		CD518379258AB63B001E7689 /* Debug */ = {
			isa = XCBuildConfiguration;
			buildSettings = {
				ALWAYS_EMBED_SWIFT_STANDARD_LIBRARIES = YES;
				CODE_SIGN_STYLE = Automatic;
				DEVELOPMENT_TEAM = 4CY3WS28WW;
				INFOPLIST_FILE = eva_appUITests/Info.plist;
				LD_RUNPATH_SEARCH_PATHS = (
					"$(inherited)",
					"@executable_path/Frameworks",
					"@loader_path/Frameworks",
				);
				PRODUCT_BUNDLE_IDENTIFIER = "usario1pnp-gmail.com.eva-appUITests";
				PRODUCT_NAME = "$(TARGET_NAME)";
				SWIFT_VERSION = 5.0;
				TARGETED_DEVICE_FAMILY = "1,2";
				TEST_TARGET_NAME = eva_app;
			};
			name = Debug;
		};
		CD51837A258AB63B001E7689 /* Release */ = {
			isa = XCBuildConfiguration;
			buildSettings = {
				ALWAYS_EMBED_SWIFT_STANDARD_LIBRARIES = YES;
				CODE_SIGN_STYLE = Automatic;
				DEVELOPMENT_TEAM = 4CY3WS28WW;
				INFOPLIST_FILE = eva_appUITests/Info.plist;
				LD_RUNPATH_SEARCH_PATHS = (
					"$(inherited)",
					"@executable_path/Frameworks",
					"@loader_path/Frameworks",
				);
				PRODUCT_BUNDLE_IDENTIFIER = "usario1pnp-gmail.com.eva-appUITests";
				PRODUCT_NAME = "$(TARGET_NAME)";
				SWIFT_VERSION = 5.0;
				TARGETED_DEVICE_FAMILY = "1,2";
				TEST_TARGET_NAME = eva_app;
			};
			name = Release;
		};
/* End XCBuildConfiguration section */

/* Begin XCConfigurationList section */
		CD518343258AB63A001E7689 /* Build configuration list for PBXProject "eva_app" */ = {
			isa = XCConfigurationList;
			buildConfigurations = (
				CD518370258AB63B001E7689 /* Debug */,
				CD518371258AB63B001E7689 /* Release */,
			);
			defaultConfigurationIsVisible = 0;
			defaultConfigurationName = Release;
		};
		CD518372258AB63B001E7689 /* Build configuration list for PBXNativeTarget "eva_app" */ = {
			isa = XCConfigurationList;
			buildConfigurations = (
				CD518373258AB63B001E7689 /* Debug */,
				CD518374258AB63B001E7689 /* Release */,
			);
			defaultConfigurationIsVisible = 0;
			defaultConfigurationName = Release;
		};
		CD518375258AB63B001E7689 /* Build configuration list for PBXNativeTarget "eva_appTests" */ = {
			isa = XCConfigurationList;
			buildConfigurations = (
				CD518376258AB63B001E7689 /* Debug */,
				CD518377258AB63B001E7689 /* Release */,
			);
			defaultConfigurationIsVisible = 0;
			defaultConfigurationName = Release;
		};
		CD518378258AB63B001E7689 /* Build configuration list for PBXNativeTarget "eva_appUITests" */ = {
			isa = XCConfigurationList;
			buildConfigurations = (
				CD518379258AB63B001E7689 /* Debug */,
				CD51837A258AB63B001E7689 /* Release */,
			);
			defaultConfigurationIsVisible = 0;
			defaultConfigurationName = Release;
		};
/* End XCConfigurationList section */
	};
	rootObject = CD518340258AB63A001E7689 /* Project object */;
}
